
Microsoft Visual Studio Solution File, Format Version 12.00
# Visual Studio 15
VisualStudioVersion = 15.0.27130.2010
MinimumVisualStudioVersion = 10.0.40219.1
Project("{FAE04EC0-301F-11D3-BF4B-00C04F79EFBC}") = "SocketServer", "SocketServer\SocketServer.csproj", "{FF1C6DD7-023C-4CC1-8B34-80245734775F}"
EndProject
Global
	GlobalSection(SolutionConfigurationPlatforms) = preSolution
		Debug|Any CPU = Debug|Any CPU
		Release|Any CPU = Release|Any CPU
	EndGlobalSection
	GlobalSection(ProjectConfigurationPlatforms) = postSolution
		{FF1C6DD7-023C-4CC1-8B34-80245734775F}.Debug|Any CPU.ActiveCfg = Debug|Any CPU
		{FF1C6DD7-023C-4CC1-8B34-80245734775F}.Debug|Any CPU.Build.0 = Debug|Any CPU
		{FF1C6DD7-023C-4CC1-8B34-80245734775F}.Release|Any CPU.ActiveCfg = Release|Any CPU
		{FF1C6DD7-023C-4CC1-8B34-80245734775F}.Release|Any CPU.Build.0 = Release|Any CPU
	EndGlobalSection
	GlobalSection(SolutionProperties) = preSolution
		HideSolutionNode = FALSE
	EndGlobalSection
	GlobalSection(ExtensibilityGlobals) = postSolution
		SolutionGuid = {719DCD9D-BDA4-4DED-B04B-F17392C726D5}
	EndGlobalSection
EndGlobal
